// !$*UTF8*$!
{
	archiveVersion = 1;
	classes = {
	};
	objectVersion = 56;
	objects = {

/* Begin PBXBuildFile section */
		520AB7302C08991F00B3AC66 /* AppDelegate.swift in Sources */ = {isa = PBXBuildFile; fileRef = 520AB72F2C08991F00B3AC66 /* AppDelegate.swift */; };
		520AB7322C08991F00B3AC66 /* SceneDelegate.swift in Sources */ = {isa = PBXBuildFile; fileRef = 520AB7312C08991F00B3AC66 /* SceneDelegate.swift */; };
		520AB7342C08991F00B3AC66 /* MoviesViewController.swift in Sources */ = {isa = PBXBuildFile; fileRef = 520AB7332C08991F00B3AC66 /* MoviesViewController.swift */; };
		520AB7392C08992100B3AC66 /* Assets.xcassets in Resources */ = {isa = PBXBuildFile; fileRef = 520AB7382C08992100B3AC66 /* Assets.xcassets */; };
		520AB73C2C08992100B3AC66 /* Base in Resources */ = {isa = PBXBuildFile; fileRef = 520AB73B2C08992100B3AC66 /* Base */; };
		520AB7472C089D3500B3AC66 /* Coordinator.swift in Sources */ = {isa = PBXBuildFile; fileRef = 520AB7462C089D3500B3AC66 /* Coordinator.swift */; };
		520AB7492C089D5F00B3AC66 /* ChildCoordinator.swift in Sources */ = {isa = PBXBuildFile; fileRef = 520AB7482C089D5F00B3AC66 /* ChildCoordinator.swift */; };
		520AB74B2C089D8400B3AC66 /* AppCoordinator.swift in Sources */ = {isa = PBXBuildFile; fileRef = 520AB74A2C089D8400B3AC66 /* AppCoordinator.swift */; };
		520AB7502C089EA400B3AC66 /* MoviesViewModel.swift in Sources */ = {isa = PBXBuildFile; fileRef = 520AB74F2C089EA400B3AC66 /* MoviesViewModel.swift */; };
		520AB7522C089ED500B3AC66 /* MoviesCoordinator.swift in Sources */ = {isa = PBXBuildFile; fileRef = 520AB7512C089ED500B3AC66 /* MoviesCoordinator.swift */; };
		520AB7542C08C66C00B3AC66 /* MoviesResponse.swift in Sources */ = {isa = PBXBuildFile; fileRef = 520AB7532C08C66C00B3AC66 /* MoviesResponse.swift */; };
		520AB7572C08CD6E00B3AC66 /* MoviesNetworkService.swift in Sources */ = {isa = PBXBuildFile; fileRef = 520AB7562C08CD6E00B3AC66 /* MoviesNetworkService.swift */; };
		520AB7592C08D49400B3AC66 /* MovieCategory.swift in Sources */ = {isa = PBXBuildFile; fileRef = 520AB7582C08D49400B3AC66 /* MovieCategory.swift */; };
		52E27A622C09E99A00974B5E /* MoviesCell.swift in Sources */ = {isa = PBXBuildFile; fileRef = 52E27A612C09E99A00974B5E /* MoviesCell.swift */; };
		52E27A652C09EA2800974B5E /* SnapKit in Frameworks */ = {isa = PBXBuildFile; productRef = 52E27A642C09EA2800974B5E /* SnapKit */; };
		52E27A672C09EA2800974B5E /* SnapKit-Dynamic in Frameworks */ = {isa = PBXBuildFile; productRef = 52E27A662C09EA2800974B5E /* SnapKit-Dynamic */; };
		52E27A6A2C0A036300974B5E /* UITableViewCell+Extension.swift in Sources */ = {isa = PBXBuildFile; fileRef = 52E27A692C0A036300974B5E /* UITableViewCell+Extension.swift */; };
		52E27A6C2C0CA92300974B5E /* Date+Extensions.swift in Sources */ = {isa = PBXBuildFile; fileRef = 52E27A6B2C0CA92300974B5E /* Date+Extensions.swift */; };
		52E27A6E2C0DC11C00974B5E /* UIImage+Extension.swift in Sources */ = {isa = PBXBuildFile; fileRef = 52E27A6D2C0DC11C00974B5E /* UIImage+Extension.swift */; };
		52E27A702C0DC9E000974B5E /* PosterNetworkService.swift in Sources */ = {isa = PBXBuildFile; fileRef = 52E27A6F2C0DC9E000974B5E /* PosterNetworkService.swift */; };
		52E27A732C0DD4FE00974B5E /* FilterView.swift in Sources */ = {isa = PBXBuildFile; fileRef = 52E27A722C0DD4FE00974B5E /* FilterView.swift */; };
		52E27A752C0E062700974B5E /* GenresNetworkService.swift in Sources */ = {isa = PBXBuildFile; fileRef = 52E27A742C0E062700974B5E /* GenresNetworkService.swift */; };
		52E27A772C0E06DA00974B5E /* GenresResponse.swift in Sources */ = {isa = PBXBuildFile; fileRef = 52E27A762C0E06DA00974B5E /* GenresResponse.swift */; };
		52E27A792C0E07C600974B5E /* NetworkError.swift in Sources */ = {isa = PBXBuildFile; fileRef = 52E27A782C0E07C600974B5E /* NetworkError.swift */; };
		52E27A7E2C0F4AB900974B5E /* SelectedMovieCoordinator.swift in Sources */ = {isa = PBXBuildFile; fileRef = 52E27A7D2C0F4AB900974B5E /* SelectedMovieCoordinator.swift */; };
		52E27A802C0F4B0200974B5E /* SelectedMovieViewController.swift in Sources */ = {isa = PBXBuildFile; fileRef = 52E27A7F2C0F4B0200974B5E /* SelectedMovieViewController.swift */; };
		52E27A822C0F4B7400974B5E /* SelectedMovieViewModel.swift in Sources */ = {isa = PBXBuildFile; fileRef = 52E27A812C0F4B7400974B5E /* SelectedMovieViewModel.swift */; };
		52E27A842C0F974E00974B5E /* SelectedMovie.swift in Sources */ = {isa = PBXBuildFile; fileRef = 52E27A832C0F974E00974B5E /* SelectedMovie.swift */; };
/* End PBXBuildFile section */

/* Begin PBXFileReference section */
		520AB72C2C08991F00B3AC66 /* Movies.app */ = {isa = PBXFileReference; explicitFileType = wrapper.application; includeInIndex = 0; path = Movies.app; sourceTree = BUILT_PRODUCTS_DIR; };
		520AB72F2C08991F00B3AC66 /* AppDelegate.swift */ = {isa = PBXFileReference; lastKnownFileType = sourcecode.swift; path = AppDelegate.swift; sourceTree = "<group>"; };
		520AB7312C08991F00B3AC66 /* SceneDelegate.swift */ = {isa = PBXFileReference; lastKnownFileType = sourcecode.swift; path = SceneDelegate.swift; sourceTree = "<group>"; };
		520AB7332C08991F00B3AC66 /* MoviesViewController.swift */ = {isa = PBXFileReference; lastKnownFileType = sourcecode.swift; path = MoviesViewController.swift; sourceTree = "<group>"; };
		520AB7382C08992100B3AC66 /* Assets.xcassets */ = {isa = PBXFileReference; lastKnownFileType = folder.assetcatalog; path = Assets.xcassets; sourceTree = "<group>"; };
		520AB73B2C08992100B3AC66 /* Base */ = {isa = PBXFileReference; lastKnownFileType = file.storyboard; name = Base; path = Base.lproj/LaunchScreen.storyboard; sourceTree = "<group>"; };
		520AB73D2C08992100B3AC66 /* Info.plist */ = {isa = PBXFileReference; lastKnownFileType = text.plist.xml; path = Info.plist; sourceTree = "<group>"; };
		520AB7462C089D3500B3AC66 /* Coordinator.swift */ = {isa = PBXFileReference; lastKnownFileType = sourcecode.swift; path = Coordinator.swift; sourceTree = "<group>"; };
		520AB7482C089D5F00B3AC66 /* ChildCoordinator.swift */ = {isa = PBXFileReference; lastKnownFileType = sourcecode.swift; path = ChildCoordinator.swift; sourceTree = "<group>"; };
		520AB74A2C089D8400B3AC66 /* AppCoordinator.swift */ = {isa = PBXFileReference; lastKnownFileType = sourcecode.swift; path = AppCoordinator.swift; sourceTree = "<group>"; };
		520AB74F2C089EA400B3AC66 /* MoviesViewModel.swift */ = {isa = PBXFileReference; lastKnownFileType = sourcecode.swift; path = MoviesViewModel.swift; sourceTree = "<group>"; };
		520AB7512C089ED500B3AC66 /* MoviesCoordinator.swift */ = {isa = PBXFileReference; lastKnownFileType = sourcecode.swift; path = MoviesCoordinator.swift; sourceTree = "<group>"; };
		520AB7532C08C66C00B3AC66 /* MoviesResponse.swift */ = {isa = PBXFileReference; lastKnownFileType = sourcecode.swift; path = MoviesResponse.swift; sourceTree = "<group>"; };
		520AB7562C08CD6E00B3AC66 /* MoviesNetworkService.swift */ = {isa = PBXFileReference; lastKnownFileType = sourcecode.swift; path = MoviesNetworkService.swift; sourceTree = "<group>"; };
		520AB7582C08D49400B3AC66 /* MovieCategory.swift */ = {isa = PBXFileReference; lastKnownFileType = sourcecode.swift; path = MovieCategory.swift; sourceTree = "<group>"; };
		52E27A612C09E99A00974B5E /* MoviesCell.swift */ = {isa = PBXFileReference; lastKnownFileType = sourcecode.swift; path = MoviesCell.swift; sourceTree = "<group>"; };
		52E27A692C0A036300974B5E /* UITableViewCell+Extension.swift */ = {isa = PBXFileReference; lastKnownFileType = sourcecode.swift; path = "UITableViewCell+Extension.swift"; sourceTree = "<group>"; };
		52E27A6B2C0CA92300974B5E /* Date+Extensions.swift */ = {isa = PBXFileReference; lastKnownFileType = sourcecode.swift; path = "Date+Extensions.swift"; sourceTree = "<group>"; };
		52E27A6D2C0DC11C00974B5E /* UIImage+Extension.swift */ = {isa = PBXFileReference; lastKnownFileType = sourcecode.swift; path = "UIImage+Extension.swift"; sourceTree = "<group>"; };
		52E27A6F2C0DC9E000974B5E /* PosterNetworkService.swift */ = {isa = PBXFileReference; lastKnownFileType = sourcecode.swift; path = PosterNetworkService.swift; sourceTree = "<group>"; };
		52E27A722C0DD4FE00974B5E /* FilterView.swift */ = {isa = PBXFileReference; lastKnownFileType = sourcecode.swift; path = FilterView.swift; sourceTree = "<group>"; };
		52E27A742C0E062700974B5E /* GenresNetworkService.swift */ = {isa = PBXFileReference; lastKnownFileType = sourcecode.swift; path = GenresNetworkService.swift; sourceTree = "<group>"; };
		52E27A762C0E06DA00974B5E /* GenresResponse.swift */ = {isa = PBXFileReference; lastKnownFileType = sourcecode.swift; path = GenresResponse.swift; sourceTree = "<group>"; };
		52E27A782C0E07C600974B5E /* NetworkError.swift */ = {isa = PBXFileReference; lastKnownFileType = sourcecode.swift; path = NetworkError.swift; sourceTree = "<group>"; };
		52E27A7D2C0F4AB900974B5E /* SelectedMovieCoordinator.swift */ = {isa = PBXFileReference; lastKnownFileType = sourcecode.swift; path = SelectedMovieCoordinator.swift; sourceTree = "<group>"; };
		52E27A7F2C0F4B0200974B5E /* SelectedMovieViewController.swift */ = {isa = PBXFileReference; lastKnownFileType = sourcecode.swift; path = SelectedMovieViewController.swift; sourceTree = "<group>"; };
		52E27A812C0F4B7400974B5E /* SelectedMovieViewModel.swift */ = {isa = PBXFileReference; lastKnownFileType = sourcecode.swift; path = SelectedMovieViewModel.swift; sourceTree = "<group>"; };
		52E27A832C0F974E00974B5E /* SelectedMovie.swift */ = {isa = PBXFileReference; lastKnownFileType = sourcecode.swift; path = SelectedMovie.swift; sourceTree = "<group>"; };
/* End PBXFileReference section */

/* Begin PBXFrameworksBuildPhase section */
		520AB7292C08991F00B3AC66 /* Frameworks */ = {
			isa = PBXFrameworksBuildPhase;
			buildActionMask = 2147483647;
			files = (
				52E27A652C09EA2800974B5E /* SnapKit in Frameworks */,
				52E27A672C09EA2800974B5E /* SnapKit-Dynamic in Frameworks */,
			);
			runOnlyForDeploymentPostprocessing = 0;
		};
/* End PBXFrameworksBuildPhase section */

/* Begin PBXGroup section */
		520AB7232C08991F00B3AC66 = {
			isa = PBXGroup;
			children = (
				520AB72E2C08991F00B3AC66 /* Movies */,
				520AB72D2C08991F00B3AC66 /* Products */,
			);
			sourceTree = "<group>";
		};
		520AB72D2C08991F00B3AC66 /* Products */ = {
			isa = PBXGroup;
			children = (
				520AB72C2C08991F00B3AC66 /* Movies.app */,
			);
			name = Products;
			sourceTree = "<group>";
		};
		520AB72E2C08991F00B3AC66 /* Movies */ = {
			isa = PBXGroup;
			children = (
				52E27A712C0DD4EF00974B5E /* Views */,
				52E27A682C0A034300974B5E /* Extensions */,
				520AB7552C08CD5900B3AC66 /* NetworkService */,
				520AB7452C089D1100B3AC66 /* Coordinator */,
				520AB74C2C089E0200B3AC66 /* App */,
				520AB74D2C089E0900B3AC66 /* Movies */,
				520AB7382C08992100B3AC66 /* Assets.xcassets */,
				520AB73A2C08992100B3AC66 /* LaunchScreen.storyboard */,
				520AB73D2C08992100B3AC66 /* Info.plist */,
			);
			path = Movies;
			sourceTree = "<group>";
		};
		520AB7452C089D1100B3AC66 /* Coordinator */ = {
			isa = PBXGroup;
			children = (
				520AB7462C089D3500B3AC66 /* Coordinator.swift */,
				520AB7482C089D5F00B3AC66 /* ChildCoordinator.swift */,
				520AB74A2C089D8400B3AC66 /* AppCoordinator.swift */,
			);
			path = Coordinator;
			sourceTree = "<group>";
		};
		520AB74C2C089E0200B3AC66 /* App */ = {
			isa = PBXGroup;
			children = (
				520AB72F2C08991F00B3AC66 /* AppDelegate.swift */,
				520AB7312C08991F00B3AC66 /* SceneDelegate.swift */,
			);
			path = App;
			sourceTree = "<group>";
		};
		520AB74D2C089E0900B3AC66 /* Movies */ = {
			isa = PBXGroup;
			children = (
				520AB7512C089ED500B3AC66 /* MoviesCoordinator.swift */,
				520AB7332C08991F00B3AC66 /* MoviesViewController.swift */,
				520AB74F2C089EA400B3AC66 /* MoviesViewModel.swift */,
				52E27A612C09E99A00974B5E /* MoviesCell.swift */,
				52E27A7A2C0F244D00974B5E /* Models */,
				52E27A7C2C0F4A9B00974B5E /* SelectedMovie */,
			);
			path = Movies;
			sourceTree = "<group>";
		};
		520AB7552C08CD5900B3AC66 /* NetworkService */ = {
			isa = PBXGroup;
			children = (
				520AB7562C08CD6E00B3AC66 /* MoviesNetworkService.swift */,
				52E27A6F2C0DC9E000974B5E /* PosterNetworkService.swift */,
				52E27A742C0E062700974B5E /* GenresNetworkService.swift */,
				52E27A782C0E07C600974B5E /* NetworkError.swift */,
			);
			path = NetworkService;
			sourceTree = "<group>";
		};
		52E27A682C0A034300974B5E /* Extensions */ = {
			isa = PBXGroup;
			children = (
				52E27A692C0A036300974B5E /* UITableViewCell+Extension.swift */,
				52E27A6B2C0CA92300974B5E /* Date+Extensions.swift */,
				52E27A6D2C0DC11C00974B5E /* UIImage+Extension.swift */,
			);
			path = Extensions;
			sourceTree = "<group>";
		};
		52E27A712C0DD4EF00974B5E /* Views */ = {
			isa = PBXGroup;
			children = (
				52E27A722C0DD4FE00974B5E /* FilterView.swift */,
			);
			path = Views;
			sourceTree = "<group>";
		};
		52E27A7A2C0F244D00974B5E /* Models */ = {
			isa = PBXGroup;
			children = (
				520AB7532C08C66C00B3AC66 /* MoviesResponse.swift */,
				520AB7582C08D49400B3AC66 /* MovieCategory.swift */,
				52E27A762C0E06DA00974B5E /* GenresResponse.swift */,
			);
			path = Models;
			sourceTree = "<group>";
		};
		52E27A7C2C0F4A9B00974B5E /* SelectedMovie */ = {
			isa = PBXGroup;
			children = (
				52E27A7D2C0F4AB900974B5E /* SelectedMovieCoordinator.swift */,
				52E27A7F2C0F4B0200974B5E /* SelectedMovieViewController.swift */,
				52E27A812C0F4B7400974B5E /* SelectedMovieViewModel.swift */,
				52E27A832C0F974E00974B5E /* SelectedMovie.swift */,
			);
			path = SelectedMovie;
			sourceTree = "<group>";
		};
/* End PBXGroup section */

/* Begin PBXNativeTarget section */
		520AB72B2C08991F00B3AC66 /* Movies */ = {
			isa = PBXNativeTarget;
			buildConfigurationList = 520AB7402C08992100B3AC66 /* Build configuration list for PBXNativeTarget "Movies" */;
			buildPhases = (
				520AB7282C08991F00B3AC66 /* Sources */,
				520AB7292C08991F00B3AC66 /* Frameworks */,
				520AB72A2C08991F00B3AC66 /* Resources */,
			);
			buildRules = (
			);
			dependencies = (
			);
			name = Movies;
			packageProductDependencies = (
				52E27A642C09EA2800974B5E /* SnapKit */,
				52E27A662C09EA2800974B5E /* SnapKit-Dynamic */,
			);
			productName = Movies;
			productReference = 520AB72C2C08991F00B3AC66 /* Movies.app */;
			productType = "com.apple.product-type.application";
		};
/* End PBXNativeTarget section */

/* Begin PBXProject section */
		520AB7242C08991F00B3AC66 /* Project object */ = {
			isa = PBXProject;
			attributes = {
				BuildIndependentTargetsInParallel = 1;
				LastSwiftUpdateCheck = 1530;
				LastUpgradeCheck = 1530;
				TargetAttributes = {
					520AB72B2C08991F00B3AC66 = {
						CreatedOnToolsVersion = 15.3;
					};
				};
			};
			buildConfigurationList = 520AB7272C08991F00B3AC66 /* Build configuration list for PBXProject "Movies" */;
			compatibilityVersion = "Xcode 14.0";
			developmentRegion = en;
			hasScannedForEncodings = 0;
			knownRegions = (
				en,
				Base,
			);
			mainGroup = 520AB7232C08991F00B3AC66;
			packageReferences = (
				52E27A632C09EA2700974B5E /* XCRemoteSwiftPackageReference "SnapKit" */,
			);
			productRefGroup = 520AB72D2C08991F00B3AC66 /* Products */;
			projectDirPath = "";
			projectRoot = "";
			targets = (
				520AB72B2C08991F00B3AC66 /* Movies */,
			);
		};
/* End PBXProject section */

/* Begin PBXResourcesBuildPhase section */
		520AB72A2C08991F00B3AC66 /* Resources */ = {
			isa = PBXResourcesBuildPhase;
			buildActionMask = 2147483647;
			files = (
				520AB7392C08992100B3AC66 /* Assets.xcassets in Resources */,
				520AB73C2C08992100B3AC66 /* Base in Resources */,
			);
			runOnlyForDeploymentPostprocessing = 0;
		};
/* End PBXResourcesBuildPhase section */

/* Begin PBXSourcesBuildPhase section */
		520AB7282C08991F00B3AC66 /* Sources */ = {
			isa = PBXSourcesBuildPhase;
			buildActionMask = 2147483647;
			files = (
				520AB74B2C089D8400B3AC66 /* AppCoordinator.swift in Sources */,
				520AB7522C089ED500B3AC66 /* MoviesCoordinator.swift in Sources */,
				520AB7472C089D3500B3AC66 /* Coordinator.swift in Sources */,
				52E27A6A2C0A036300974B5E /* UITableViewCell+Extension.swift in Sources */,
				520AB7592C08D49400B3AC66 /* MovieCategory.swift in Sources */,
				520AB7342C08991F00B3AC66 /* MoviesViewController.swift in Sources */,
				520AB7302C08991F00B3AC66 /* AppDelegate.swift in Sources */,
				520AB7542C08C66C00B3AC66 /* MoviesResponse.swift in Sources */,
				52E27A822C0F4B7400974B5E /* SelectedMovieViewModel.swift in Sources */,
				520AB7502C089EA400B3AC66 /* MoviesViewModel.swift in Sources */,
				52E27A792C0E07C600974B5E /* NetworkError.swift in Sources */,
				52E27A6C2C0CA92300974B5E /* Date+Extensions.swift in Sources */,
				52E27A732C0DD4FE00974B5E /* FilterView.swift in Sources */,
				520AB7572C08CD6E00B3AC66 /* MoviesNetworkService.swift in Sources */,
				52E27A772C0E06DA00974B5E /* GenresResponse.swift in Sources */,
				520AB7492C089D5F00B3AC66 /* ChildCoordinator.swift in Sources */,
				52E27A6E2C0DC11C00974B5E /* UIImage+Extension.swift in Sources */,
				52E27A7E2C0F4AB900974B5E /* SelectedMovieCoordinator.swift in Sources */,
				52E27A752C0E062700974B5E /* GenresNetworkService.swift in Sources */,
				52E27A702C0DC9E000974B5E /* PosterNetworkService.swift in Sources */,
				52E27A622C09E99A00974B5E /* MoviesCell.swift in Sources */,
				52E27A802C0F4B0200974B5E /* SelectedMovieViewController.swift in Sources */,
				52E27A842C0F974E00974B5E /* SelectedMovie.swift in Sources */,
				520AB7322C08991F00B3AC66 /* SceneDelegate.swift in Sources */,
			);
			runOnlyForDeploymentPostprocessing = 0;
		};
/* End PBXSourcesBuildPhase section */

/* Begin PBXVariantGroup section */
		520AB73A2C08992100B3AC66 /* LaunchScreen.storyboard */ = {
			isa = PBXVariantGroup;
			children = (
				520AB73B2C08992100B3AC66 /* Base */,
			);
			name = LaunchScreen.storyboard;
			sourceTree = "<group>";
		};
/* End PBXVariantGroup section */

/* Begin XCBuildConfiguration section */
		520AB73E2C08992100B3AC66 /* Debug */ = {
			isa = XCBuildConfiguration;
			buildSettings = {
				ALWAYS_SEARCH_USER_PATHS = NO;
				ASSETCATALOG_COMPILER_GENERATE_SWIFT_ASSET_SYMBOL_EXTENSIONS = YES;
				CLANG_ANALYZER_NONNULL = YES;
				CLANG_ANALYZER_NUMBER_OBJECT_CONVERSION = YES_AGGRESSIVE;
				CLANG_CXX_LANGUAGE_STANDARD = "gnu++20";
				CLANG_ENABLE_MODULES = YES;
				CLANG_ENABLE_OBJC_ARC = YES;
				CLANG_ENABLE_OBJC_WEAK = YES;
				CLANG_WARN_BLOCK_CAPTURE_AUTORELEASING = YES;
				CLANG_WARN_BOOL_CONVERSION = YES;
				CLANG_WARN_COMMA = YES;
				CLANG_WARN_CONSTANT_CONVERSION = YES;
				CLANG_WARN_DEPRECATED_OBJC_IMPLEMENTATIONS = YES;
				CLANG_WARN_DIRECT_OBJC_ISA_USAGE = YES_ERROR;
				CLANG_WARN_DOCUMENTATION_COMMENTS = YES;
				CLANG_WARN_EMPTY_BODY = YES;
				CLANG_WARN_ENUM_CONVERSION = YES;
				CLANG_WARN_INFINITE_RECURSION = YES;
				CLANG_WARN_INT_CONVERSION = YES;
				CLANG_WARN_NON_LITERAL_NULL_CONVERSION = YES;
				CLANG_WARN_OBJC_IMPLICIT_RETAIN_SELF = YES;
				CLANG_WARN_OBJC_LITERAL_CONVERSION = YES;
				CLANG_WARN_OBJC_ROOT_CLASS = YES_ERROR;
				CLANG_WARN_QUOTED_INCLUDE_IN_FRAMEWORK_HEADER = YES;
				CLANG_WARN_RANGE_LOOP_ANALYSIS = YES;
				CLANG_WARN_STRICT_PROTOTYPES = YES;
				CLANG_WARN_SUSPICIOUS_MOVE = YES;
				CLANG_WARN_UNGUARDED_AVAILABILITY = YES_AGGRESSIVE;
				CLANG_WARN_UNREACHABLE_CODE = YES;
				CLANG_WARN__DUPLICATE_METHOD_MATCH = YES;
				COPY_PHASE_STRIP = NO;
				DEBUG_INFORMATION_FORMAT = dwarf;
				ENABLE_STRICT_OBJC_MSGSEND = YES;
				ENABLE_TESTABILITY = YES;
				ENABLE_USER_SCRIPT_SANDBOXING = YES;
				GCC_C_LANGUAGE_STANDARD = gnu17;
				GCC_DYNAMIC_NO_PIC = NO;
				GCC_NO_COMMON_BLOCKS = YES;
				GCC_OPTIMIZATION_LEVEL = 0;
				GCC_PREPROCESSOR_DEFINITIONS = (
					"DEBUG=1",
					"$(inherited)",
				);
				GCC_WARN_64_TO_32_BIT_CONVERSION = YES;
				GCC_WARN_ABOUT_RETURN_TYPE = YES_ERROR;
				GCC_WARN_UNDECLARED_SELECTOR = YES;
				GCC_WARN_UNINITIALIZED_AUTOS = YES_AGGRESSIVE;
				GCC_WARN_UNUSED_FUNCTION = YES;
				GCC_WARN_UNUSED_VARIABLE = YES;
				IPHONEOS_DEPLOYMENT_TARGET = 17.4;
				LOCALIZATION_PREFERS_STRING_CATALOGS = YES;
				MTL_ENABLE_DEBUG_INFO = INCLUDE_SOURCE;
				MTL_FAST_MATH = YES;
				ONLY_ACTIVE_ARCH = YES;
				SDKROOT = iphoneos;
				SWIFT_ACTIVE_COMPILATION_CONDITIONS = "DEBUG $(inherited)";
				SWIFT_OPTIMIZATION_LEVEL = "-Onone";
			};
			name = Debug;
		};
		520AB73F2C08992100B3AC66 /* Release */ = {
			isa = XCBuildConfiguration;
			buildSettings = {
				ALWAYS_SEARCH_USER_PATHS = NO;
				ASSETCATALOG_COMPILER_GENERATE_SWIFT_ASSET_SYMBOL_EXTENSIONS = YES;
				CLANG_ANALYZER_NONNULL = YES;
				CLANG_ANALYZER_NUMBER_OBJECT_CONVERSION = YES_AGGRESSIVE;
				CLANG_CXX_LANGUAGE_STANDARD = "gnu++20";
				CLANG_ENABLE_MODULES = YES;
				CLANG_ENABLE_OBJC_ARC = YES;
				CLANG_ENABLE_OBJC_WEAK = YES;
				CLANG_WARN_BLOCK_CAPTURE_AUTORELEASING = YES;
				CLANG_WARN_BOOL_CONVERSION = YES;
				CLANG_WARN_COMMA = YES;
				CLANG_WARN_CONSTANT_CONVERSION = YES;
				CLANG_WARN_DEPRECATED_OBJC_IMPLEMENTATIONS = YES;
				CLANG_WARN_DIRECT_OBJC_ISA_USAGE = YES_ERROR;
				CLANG_WARN_DOCUMENTATION_COMMENTS = YES;
				CLANG_WARN_EMPTY_BODY = YES;
				CLANG_WARN_ENUM_CONVERSION = YES;
				CLANG_WARN_INFINITE_RECURSION = YES;
				CLANG_WARN_INT_CONVERSION = YES;
				CLANG_WARN_NON_LITERAL_NULL_CONVERSION = YES;
				CLANG_WARN_OBJC_IMPLICIT_RETAIN_SELF = YES;
				CLANG_WARN_OBJC_LITERAL_CONVERSION = YES;
				CLANG_WARN_OBJC_ROOT_CLASS = YES_ERROR;
				CLANG_WARN_QUOTED_INCLUDE_IN_FRAMEWORK_HEADER = YES;
				CLANG_WARN_RANGE_LOOP_ANALYSIS = YES;
				CLANG_WARN_STRICT_PROTOTYPES = YES;
				CLANG_WARN_SUSPICIOUS_MOVE = YES;
				CLANG_WARN_UNGUARDED_AVAILABILITY = YES_AGGRESSIVE;
				CLANG_WARN_UNREACHABLE_CODE = YES;
				CLANG_WARN__DUPLICATE_METHOD_MATCH = YES;
				COPY_PHASE_STRIP = NO;
				DEBUG_INFORMATION_FORMAT = "dwarf-with-dsym";
				ENABLE_NS_ASSERTIONS = NO;
				ENABLE_STRICT_OBJC_MSGSEND = YES;
				ENABLE_USER_SCRIPT_SANDBOXING = YES;
				GCC_C_LANGUAGE_STANDARD = gnu17;
				GCC_NO_COMMON_BLOCKS = YES;
				GCC_WARN_64_TO_32_BIT_CONVERSION = YES;
				GCC_WARN_ABOUT_RETURN_TYPE = YES_ERROR;
				GCC_WARN_UNDECLARED_SELECTOR = YES;
				GCC_WARN_UNINITIALIZED_AUTOS = YES_AGGRESSIVE;
				GCC_WARN_UNUSED_FUNCTION = YES;
				GCC_WARN_UNUSED_VARIABLE = YES;
				IPHONEOS_DEPLOYMENT_TARGET = 17.4;
				LOCALIZATION_PREFERS_STRING_CATALOGS = YES;
				MTL_ENABLE_DEBUG_INFO = NO;
				MTL_FAST_MATH = YES;
				SDKROOT = iphoneos;
				SWIFT_COMPILATION_MODE = wholemodule;
				VALIDATE_PRODUCT = YES;
			};
			name = Release;
		};
		520AB7412C08992100B3AC66 /* Debug */ = {
			isa = XCBuildConfiguration;
			buildSettings = {
				ASSETCATALOG_COMPILER_APPICON_NAME = AppIcon;
				ASSETCATALOG_COMPILER_GLOBAL_ACCENT_COLOR_NAME = AccentColor;
				CODE_SIGN_STYLE = Automatic;
				CURRENT_PROJECT_VERSION = 1;
				DEVELOPMENT_TEAM = PF6GCM4LDS;
				GENERATE_INFOPLIST_FILE = YES;
				INFOPLIST_FILE = Movies/Info.plist;
				INFOPLIST_KEY_UIApplicationSupportsIndirectInputEvents = YES;
				INFOPLIST_KEY_UILaunchStoryboardName = LaunchScreen;
				INFOPLIST_KEY_UISupportedInterfaceOrientations = "UIInterfaceOrientationPortrait UIInterfaceOrientationPortraitUpsideDown";
				INFOPLIST_KEY_UISupportedInterfaceOrientations_iPad = "UIInterfaceOrientationLandscapeLeft UIInterfaceOrientationLandscapeRight UIInterfaceOrientationPortrait UIInterfaceOrientationPortraitUpsideDown";
				IPHONEOS_DEPLOYMENT_TARGET = 15.0;
				LD_RUNPATH_SEARCH_PATHS = (
					"$(inherited)",
					"@executable_path/Frameworks",
				);
				MARKETING_VERSION = 1.0;
				PRODUCT_BUNDLE_IDENTIFIER = com.movies.Movies;
				PRODUCT_NAME = "$(TARGET_NAME)";
				SUPPORTED_PLATFORMS = "iphoneos iphonesimulator";
				SUPPORTS_MACCATALYST = NO;
				SUPPORTS_MAC_DESIGNED_FOR_IPHONE_IPAD = NO;
				SUPPORTS_XR_DESIGNED_FOR_IPHONE_IPAD = NO;
				SWIFT_EMIT_LOC_STRINGS = YES;
				SWIFT_VERSION = 5.0;
				TARGETED_DEVICE_FAMILY = 1;
			};
			name = Debug;
		};
		520AB7422C08992100B3AC66 /* Release */ = {
			isa = XCBuildConfiguration;
			buildSettings = {
				ASSETCATALOG_COMPILER_APPICON_NAME = AppIcon;
				ASSETCATALOG_COMPILER_GLOBAL_ACCENT_COLOR_NAME = AccentColor;
				CODE_SIGN_STYLE = Automatic;
				CURRENT_PROJECT_VERSION = 1;
				DEVELOPMENT_TEAM = PF6GCM4LDS;
				GENERATE_INFOPLIST_FILE = YES;
				INFOPLIST_FILE = Movies/Info.plist;
				INFOPLIST_KEY_UIApplicationSupportsIndirectInputEvents = YES;
				INFOPLIST_KEY_UILaunchStoryboardName = LaunchScreen;
				INFOPLIST_KEY_UISupportedInterfaceOrientations = "UIInterfaceOrientationPortrait UIInterfaceOrientationPortraitUpsideDown";
				INFOPLIST_KEY_UISupportedInterfaceOrientations_iPad = "UIInterfaceOrientationLandscapeLeft UIInterfaceOrientationLandscapeRight UIInterfaceOrientationPortrait UIInterfaceOrientationPortraitUpsideDown";
				IPHONEOS_DEPLOYMENT_TARGET = 15.0;
				LD_RUNPATH_SEARCH_PATHS = (
					"$(inherited)",
					"@executable_path/Frameworks",
				);
				MARKETING_VERSION = 1.0;
				PRODUCT_BUNDLE_IDENTIFIER = com.movies.Movies;
				PRODUCT_NAME = "$(TARGET_NAME)";
				SUPPORTED_PLATFORMS = "iphoneos iphonesimulator";
				SUPPORTS_MACCATALYST = NO;
				SUPPORTS_MAC_DESIGNED_FOR_IPHONE_IPAD = NO;
				SUPPORTS_XR_DESIGNED_FOR_IPHONE_IPAD = NO;
				SWIFT_EMIT_LOC_STRINGS = YES;
				SWIFT_VERSION = 5.0;
				TARGETED_DEVICE_FAMILY = 1;
			};
			name = Release;
		};
/* End XCBuildConfiguration section */

/* Begin XCConfigurationList section */
		520AB7272C08991F00B3AC66 /* Build configuration list for PBXProject "Movies" */ = {
			isa = XCConfigurationList;
			buildConfigurations = (
				520AB73E2C08992100B3AC66 /* Debug */,
				520AB73F2C08992100B3AC66 /* Release */,
			);
			defaultConfigurationIsVisible = 0;
			defaultConfigurationName = Release;
		};
		520AB7402C08992100B3AC66 /* Build configuration list for PBXNativeTarget "Movies" */ = {
			isa = XCConfigurationList;
			buildConfigurations = (
				520AB7412C08992100B3AC66 /* Debug */,
				520AB7422C08992100B3AC66 /* Release */,
			);
			defaultConfigurationIsVisible = 0;
			defaultConfigurationName = Release;
		};
/* End XCConfigurationList section */

/* Begin XCRemoteSwiftPackageReference section */
		52E27A632C09EA2700974B5E /* XCRemoteSwiftPackageReference "SnapKit" */ = {
			isa = XCRemoteSwiftPackageReference;
			repositoryURL = "https://github.com/SnapKit/SnapKit";
			requirement = {
				kind = upToNextMajorVersion;
				minimumVersion = 5.7.1;
			};
		};
/* End XCRemoteSwiftPackageReference section */

/* Begin XCSwiftPackageProductDependency section */
		52E27A642C09EA2800974B5E /* SnapKit */ = {
			isa = XCSwiftPackageProductDependency;
			package = 52E27A632C09EA2700974B5E /* XCRemoteSwiftPackageReference "SnapKit" */;
			productName = SnapKit;
		};
		52E27A662C09EA2800974B5E /* SnapKit-Dynamic */ = {
			isa = XCSwiftPackageProductDependency;
			package = 52E27A632C09EA2700974B5E /* XCRemoteSwiftPackageReference "SnapKit" */;
			productName = "SnapKit-Dynamic";
		};
/* End XCSwiftPackageProductDependency section */
	};
	rootObject = 520AB7242C08991F00B3AC66 /* Project object */;
}
